
Microsoft Visual Studio Solution File, Format Version 12.00
# Visual Studio 15
VisualStudioVersion = 15.0.27703.2035
MinimumVisualStudioVersion = 10.0.40219.1
Project("{9A19103F-16F7-4668-BE54-9A1E7A4F7556}") = "NBA.WebAPI", "NBA.WebAPI\NBA.WebAPI.csproj", "{8B46FC5C-1CA1-4338-BBE4-155FAA20F883}"
EndProject
Project("{9A19103F-16F7-4668-BE54-9A1E7A4F7556}") = "NBA.DataCreator", "NBA.DataCreator\NBA.DataCreator.csproj", "{462A6EE5-2CD9-4474-813D-00260DC8065E}"
EndProject
Project("{9A19103F-16F7-4668-BE54-9A1E7A4F7556}") = "NBA.Model", "NBA.Model\NBA.Model.csproj", "{6F8DA856-61C8-48FB-A8BF-603FB7DD0956}"
EndProject
Project("{9A19103F-16F7-4668-BE54-9A1E7A4F7556}") = "NBA.DataCreator.Test", "NBA.DataCreator.Test\NBA.DataCreator.Test.csproj", "{808AD812-FE55-48F7-A92E-D124F3079AB1}"
EndProject
Project("{9A19103F-16F7-4668-BE54-9A1E7A4F7556}") = "NBA.Client", "NBA.Client\NBA.Client.csproj", "{84B17424-7ADA-44DD-9F2C-A1A94625DB7C}"
EndProject
Project("{FAE04EC0-301F-11D3-BF4B-00C04F79EFBC}") = "NBA.Client.Test", "NBA.Client.Test\NBA.Client.Test.csproj", "{7DF4D293-F33E-42DD-B4F7-FB7E1D43DD6C}"
EndProject
Project("{FAE04EC0-301F-11D3-BF4B-00C04F79EFBC}") = "NBA.EFCore", "NBA.EFCore\NBA.EFCore.csproj", "{95FE0BBC-7AFC-4496-9581-6050E2D3FAF7}"
EndProject
Global
	GlobalSection(SolutionConfigurationPlatforms) = preSolution
		Debug|Any CPU = Debug|Any CPU
		Release|Any CPU = Release|Any CPU
	EndGlobalSection
	GlobalSection(ProjectConfigurationPlatforms) = postSolution
		{8B46FC5C-1CA1-4338-BBE4-155FAA20F883}.Debug|Any CPU.ActiveCfg = Debug|Any CPU
		{8B46FC5C-1CA1-4338-BBE4-155FAA20F883}.Debug|Any CPU.Build.0 = Debug|Any CPU
		{8B46FC5C-1CA1-4338-BBE4-155FAA20F883}.Release|Any CPU.ActiveCfg = Release|Any CPU
		{8B46FC5C-1CA1-4338-BBE4-155FAA20F883}.Release|Any CPU.Build.0 = Release|Any CPU
		{462A6EE5-2CD9-4474-813D-00260DC8065E}.Debug|Any CPU.ActiveCfg = Debug|Any CPU
		{462A6EE5-2CD9-4474-813D-00260DC8065E}.Debug|Any CPU.Build.0 = Debug|Any CPU
		{462A6EE5-2CD9-4474-813D-00260DC8065E}.Release|Any CPU.ActiveCfg = Release|Any CPU
		{462A6EE5-2CD9-4474-813D-00260DC8065E}.Release|Any CPU.Build.0 = Release|Any CPU
		{6F8DA856-61C8-48FB-A8BF-603FB7DD0956}.Debug|Any CPU.ActiveCfg = Debug|Any CPU
		{6F8DA856-61C8-48FB-A8BF-603FB7DD0956}.Debug|Any CPU.Build.0 = Debug|Any CPU
		{6F8DA856-61C8-48FB-A8BF-603FB7DD0956}.Release|Any CPU.ActiveCfg = Release|Any CPU
		{6F8DA856-61C8-48FB-A8BF-603FB7DD0956}.Release|Any CPU.Build.0 = Release|Any CPU
		{808AD812-FE55-48F7-A92E-D124F3079AB1}.Debug|Any CPU.ActiveCfg = Debug|Any CPU
		{808AD812-FE55-48F7-A92E-D124F3079AB1}.Debug|Any CPU.Build.0 = Debug|Any CPU
		{808AD812-FE55-48F7-A92E-D124F3079AB1}.Release|Any CPU.ActiveCfg = Release|Any CPU
		{808AD812-FE55-48F7-A92E-D124F3079AB1}.Release|Any CPU.Build.0 = Release|Any CPU
		{84B17424-7ADA-44DD-9F2C-A1A94625DB7C}.Debug|Any CPU.ActiveCfg = Debug|Any CPU
		{84B17424-7ADA-44DD-9F2C-A1A94625DB7C}.Debug|Any CPU.Build.0 = Debug|Any CPU
		{84B17424-7ADA-44DD-9F2C-A1A94625DB7C}.Release|Any CPU.ActiveCfg = Release|Any CPU
		{84B17424-7ADA-44DD-9F2C-A1A94625DB7C}.Release|Any CPU.Build.0 = Release|Any CPU
		{7DF4D293-F33E-42DD-B4F7-FB7E1D43DD6C}.Debug|Any CPU.ActiveCfg = Debug|Any CPU
		{7DF4D293-F33E-42DD-B4F7-FB7E1D43DD6C}.Debug|Any CPU.Build.0 = Debug|Any CPU
		{7DF4D293-F33E-42DD-B4F7-FB7E1D43DD6C}.Release|Any CPU.ActiveCfg = Release|Any CPU
		{7DF4D293-F33E-42DD-B4F7-FB7E1D43DD6C}.Release|Any CPU.Build.0 = Release|Any CPU
		{95FE0BBC-7AFC-4496-9581-6050E2D3FAF7}.Debug|Any CPU.ActiveCfg = Debug|Any CPU
		{95FE0BBC-7AFC-4496-9581-6050E2D3FAF7}.Debug|Any CPU.Build.0 = Debug|Any CPU
		{95FE0BBC-7AFC-4496-9581-6050E2D3FAF7}.Release|Any CPU.ActiveCfg = Release|Any CPU
		{95FE0BBC-7AFC-4496-9581-6050E2D3FAF7}.Release|Any CPU.Build.0 = Release|Any CPU
	EndGlobalSection
	GlobalSection(SolutionProperties) = preSolution
		HideSolutionNode = FALSE
	EndGlobalSection
	GlobalSection(ExtensibilityGlobals) = postSolution
		SolutionGuid = {9FEFE58C-85A9-420D-AB08-7A5C35231D79}
	EndGlobalSection
EndGlobal
